
Microsoft Visual Studio Solution File, Format Version 12.00
# Visual Studio Version 17
VisualStudioVersion = 17.5.002.0
MinimumVisualStudioVersion = 10.0.40219.1
Project("{9A19103F-16F7-4668-BE54-9A1E7A4F7556}") = "last_pong", "last_pong.csproj", "{11DF3AF2-9481-4969-AE30-470E394D3541}"
EndProject
Global
	GlobalSection(SolutionConfigurationPlatforms) = preSolution
		Debug|Any CPU = Debug|Any CPU
		Release|Any CPU = Release|Any CPU
	EndGlobalSection
	GlobalSection(ProjectConfigurationPlatforms) = postSolution
		{11DF3AF2-9481-4969-AE30-470E394D3541}.Debug|Any CPU.ActiveCfg = Debug|Any CPU
		{11DF3AF2-9481-4969-AE30-470E394D3541}.Debug|Any CPU.Build.0 = Debug|Any CPU
		{11DF3AF2-9481-4969-AE30-470E394D3541}.Release|Any CPU.ActiveCfg = Release|Any CPU
		{11DF3AF2-9481-4969-AE30-470E394D3541}.Release|Any CPU.Build.0 = Release|Any CPU
	EndGlobalSection
	GlobalSection(SolutionProperties) = preSolution
		HideSolutionNode = FALSE
	EndGlobalSection
	GlobalSection(ExtensibilityGlobals) = postSolution
		SolutionGuid = {654B4478-56D4-41F0-AE11-692F54465574}
	EndGlobalSection
EndGlobal
